
Microsoft Visual Studio Solution File, Format Version 12.00
# Visual Studio Version 17
VisualStudioVersion = 17.0.31903.59
MinimumVisualStudioVersion = 10.0.40219.1
Project("{FAE04EC0-301F-11D3-BF4B-00C04F79EFBC}") = "FunWithEnums", "FunWithEnums\FunWithEnums.csproj", "{06B77DB4-E9EC-45EB-B386-5C5F0713CD7B}"
EndProject
Project("{FAE04EC0-301F-11D3-BF4B-00C04F79EFBC}") = "FunWithBitwiseOperations.", "FunWithBitwiseOperations\FunWithBitwiseOperations..csproj", "{460749FF-35B3-4373-B844-6A84364943AE}"
EndProject
Project("{FAE04EC0-301F-11D3-BF4B-00C04F79EFBC}") = "SimpleClassExample", "SimpleClassExample\SimpleClassExample.csproj", "{F15D49F7-73B1-4EAF-8943-537B5B9919BE}"
EndProject
Project("{FAE04EC0-301F-11D3-BF4B-00C04F79EFBC}") = "StaticDataAndMembers", "StaticDataAndMembers\StaticDataAndMembers.csproj", "{879038C0-BE90-41CB-8C7D-53E2C31AD070}"
EndProject
Project("{FAE04EC0-301F-11D3-BF4B-00C04F79EFBC}") = "EmployeeApp", "EmployeeApp\EmployeeApp.csproj", "{292FF686-EC3B-4918-90E5-C0DEDA3C97C4}"
EndProject
Project("{FAE04EC0-301F-11D3-BF4B-00C04F79EFBC}") = "AutoProps", "AutoProps\AutoProps.csproj", "{6E39A8DC-9402-42F5-AD84-6229690BDB54}"
EndProject
Project("{FAE04EC0-301F-11D3-BF4B-00C04F79EFBC}") = "ObjectInitializers", "ObjectInitializers\ObjectInitializers.csproj", "{0AD8BBA1-A7DA-4D5D-BC68-B714C29AE1E1}"
EndProject
Project("{FAE04EC0-301F-11D3-BF4B-00C04F79EFBC}") = "ConstData", "ConstData\ConstData.csproj", "{E137D152-99ED-495B-8373-A2DBF6289107}"
EndProject
Project("{FAE04EC0-301F-11D3-BF4B-00C04F79EFBC}") = "FunWithPartials", "FunWithPartials\FunWithPartials.csproj", "{53488935-10FB-41AA-8929-612E4579598C}"
EndProject
Project("{FAE04EC0-301F-11D3-BF4B-00C04F79EFBC}") = "FunWithRecords", "FunWithRecords\FunWithRecords.csproj", "{91677A99-01F6-47A2-AF57-83C04CE55609}"
EndProject
Project("{FAE04EC0-301F-11D3-BF4B-00C04F79EFBC}") = "BasicInheritance", "BasicInheritance\BasicInheritance.csproj", "{2AFCD079-82C2-4429-87F9-EA0DE9FEB6F9}"
EndProject
Project("{FAE04EC0-301F-11D3-BF4B-00C04F79EFBC}") = "Empmoyees", "Empmoyees\Empmoyees.csproj", "{02C2DD51-2DA7-4BC3-BD3D-E613ACB56177}"
EndProject
Project("{FAE04EC0-301F-11D3-BF4B-00C04F79EFBC}") = "Shapes", "Shapes\Shapes.csproj", "{C3E6603C-ADFE-47B3-BEFC-9167A70B523D}"
EndProject
Project("{FAE04EC0-301F-11D3-BF4B-00C04F79EFBC}") = "SimpleException", "SimpleException\SimpleException.csproj", "{8C52C323-5BFB-45D4-9EE7-A20AD76AD169}"
EndProject
Project("{FAE04EC0-301F-11D3-BF4B-00C04F79EFBC}") = "CustomException", "CustomException\CustomException.csproj", "{F12866BB-ED69-46FB-B69E-ABA9C0A62D3A}"
EndProject
Project("{FAE04EC0-301F-11D3-BF4B-00C04F79EFBC}") = "CustomInterface", "CustomInterface\CustomInterface.csproj", "{1490A662-4611-49EA-9205-CECEDCC6441A}"
EndProject
Project("{FAE04EC0-301F-11D3-BF4B-00C04F79EFBC}") = "InterfaceNameClash", "InterfaceNameClash\InterfaceNameClash.csproj", "{12278866-C227-460A-B0D6-36AB4E1F9DD2}"
EndProject
Project("{FAE04EC0-301F-11D3-BF4B-00C04F79EFBC}") = "InterfaceHierarchy", "InterfaceHierarchy\InterfaceHierarchy.csproj", "{BCB6432B-C480-4892-BFF8-65E7603E4DAF}"
EndProject
Project("{FAE04EC0-301F-11D3-BF4B-00C04F79EFBC}") = "MiInterfaceHierarchy", "MiInterfaceHierarchy\MiInterfaceHierarchy.csproj", "{A71D7390-AAA7-4359-9153-E007707DE97E}"
EndProject
Project("{FAE04EC0-301F-11D3-BF4B-00C04F79EFBC}") = "CustomEnumerator", "CustomEnumerator\CustomEnumerator.csproj", "{2BCFC502-78BC-463D-A40F-190B0E622219}"
EndProject
Project("{FAE04EC0-301F-11D3-BF4B-00C04F79EFBC}") = "FunWithObservableCollections", "FunWithObservableCollections\FunWithObservableCollections.csproj", "{8A717C1C-F547-49C0-8D6D-9F191906C0D5}"
EndProject
Project("{FAE04EC0-301F-11D3-BF4B-00C04F79EFBC}") = "CustomGenericMethods", "CustomGenericMethods\CustomGenericMethods.csproj", "{F6669CB8-B755-4D8D-8604-638FE82A7D4B}"
EndProject
Project("{FAE04EC0-301F-11D3-BF4B-00C04F79EFBC}") = "GenericPoint", "GenericPoint\GenericPoint.csproj", "{3558FAD2-319B-49DC-9F13-E8A1BB58F3B0}"
EndProject
Project("{FAE04EC0-301F-11D3-BF4B-00C04F79EFBC}") = "SimpleDelegate", "SimpleDelegate\SimpleDelegate.csproj", "{4D0C033B-3C69-406F-BF65-0EC8C88AC113}"
EndProject
Project("{FAE04EC0-301F-11D3-BF4B-00C04F79EFBC}") = "CarDelegate", "CarDelegate\CarDelegate.csproj", "{AEBFEBAE-5F81-4C46-8292-98A2C37B143F}"
EndProject
Project("{FAE04EC0-301F-11D3-BF4B-00C04F79EFBC}") = "GenericDelegate", "GenericDelegate\GenericDelegate.csproj", "{2A9DCF88-0AC3-46EF-B48E-5E0432C846C3}"
EndProject
Project("{FAE04EC0-301F-11D3-BF4B-00C04F79EFBC}") = "CarEvents", "CarEvents\CarEvents.csproj", "{BD922892-51FA-4B28-B7A4-78B45AD4754F}"
EndProject
Project("{FAE04EC0-301F-11D3-BF4B-00C04F79EFBC}") = "LambdaExpressions", "LambdaExpressions\LambdaExpressions.csproj", "{0F3E18B7-7EF2-4F58-9180-31EA769CA480}"
EndProject
Project("{FAE04EC0-301F-11D3-BF4B-00C04F79EFBC}") = "LinqOverArray", "LinqOverArray\LinqOverArray.csproj", "{D34E93B5-F233-4BA1-892F-0426D371D454}"
EndProject
Project("{FAE04EC0-301F-11D3-BF4B-00C04F79EFBC}") = "LinqOverCollections", "LinqOverCollections\LinqOverCollections.csproj", "{E471BF3D-1FDA-415A-BA67-155D94B57865}"
EndProject
Project("{FAE04EC0-301F-11D3-BF4B-00C04F79EFBC}") = "ProcessManipulator", "ProcessManipulator\ProcessManipulator.csproj", "{E0A2034F-5DE2-4AB1-955A-6D1A34BFF0D4}"
EndProject
Project("{FAE04EC0-301F-11D3-BF4B-00C04F79EFBC}") = "ThreadStatus", "ThreadStatus\ThreadStatus.csproj", "{EB2D689D-ACC8-4B8F-8CD5-19AEB102BE11}"
EndProject
Project("{FAE04EC0-301F-11D3-BF4B-00C04F79EFBC}") = "SimpleMultiThreadApp", "SimpleMultiThreadApp\SimpleMultiThreadApp.csproj", "{699DBD64-0D73-4017-B437-E5AF7D34FEEA}"
EndProject
Global
	GlobalSection(SolutionConfigurationPlatforms) = preSolution
		Debug|Any CPU = Debug|Any CPU
		Release|Any CPU = Release|Any CPU
	EndGlobalSection
	GlobalSection(SolutionProperties) = preSolution
		HideSolutionNode = FALSE
	EndGlobalSection
	GlobalSection(ProjectConfigurationPlatforms) = postSolution
		{06B77DB4-E9EC-45EB-B386-5C5F0713CD7B}.Debug|Any CPU.ActiveCfg = Debug|Any CPU
		{06B77DB4-E9EC-45EB-B386-5C5F0713CD7B}.Debug|Any CPU.Build.0 = Debug|Any CPU
		{06B77DB4-E9EC-45EB-B386-5C5F0713CD7B}.Release|Any CPU.ActiveCfg = Release|Any CPU
		{06B77DB4-E9EC-45EB-B386-5C5F0713CD7B}.Release|Any CPU.Build.0 = Release|Any CPU
		{460749FF-35B3-4373-B844-6A84364943AE}.Debug|Any CPU.ActiveCfg = Debug|Any CPU
		{460749FF-35B3-4373-B844-6A84364943AE}.Debug|Any CPU.Build.0 = Debug|Any CPU
		{460749FF-35B3-4373-B844-6A84364943AE}.Release|Any CPU.ActiveCfg = Release|Any CPU
		{460749FF-35B3-4373-B844-6A84364943AE}.Release|Any CPU.Build.0 = Release|Any CPU
		{F15D49F7-73B1-4EAF-8943-537B5B9919BE}.Debug|Any CPU.ActiveCfg = Debug|Any CPU
		{F15D49F7-73B1-4EAF-8943-537B5B9919BE}.Debug|Any CPU.Build.0 = Debug|Any CPU
		{F15D49F7-73B1-4EAF-8943-537B5B9919BE}.Release|Any CPU.ActiveCfg = Release|Any CPU
		{F15D49F7-73B1-4EAF-8943-537B5B9919BE}.Release|Any CPU.Build.0 = Release|Any CPU
		{879038C0-BE90-41CB-8C7D-53E2C31AD070}.Debug|Any CPU.ActiveCfg = Debug|Any CPU
		{879038C0-BE90-41CB-8C7D-53E2C31AD070}.Debug|Any CPU.Build.0 = Debug|Any CPU
		{879038C0-BE90-41CB-8C7D-53E2C31AD070}.Release|Any CPU.ActiveCfg = Release|Any CPU
		{879038C0-BE90-41CB-8C7D-53E2C31AD070}.Release|Any CPU.Build.0 = Release|Any CPU
		{292FF686-EC3B-4918-90E5-C0DEDA3C97C4}.Debug|Any CPU.ActiveCfg = Debug|Any CPU
		{292FF686-EC3B-4918-90E5-C0DEDA3C97C4}.Debug|Any CPU.Build.0 = Debug|Any CPU
		{292FF686-EC3B-4918-90E5-C0DEDA3C97C4}.Release|Any CPU.ActiveCfg = Release|Any CPU
		{292FF686-EC3B-4918-90E5-C0DEDA3C97C4}.Release|Any CPU.Build.0 = Release|Any CPU
		{6E39A8DC-9402-42F5-AD84-6229690BDB54}.Debug|Any CPU.ActiveCfg = Debug|Any CPU
		{6E39A8DC-9402-42F5-AD84-6229690BDB54}.Debug|Any CPU.Build.0 = Debug|Any CPU
		{6E39A8DC-9402-42F5-AD84-6229690BDB54}.Release|Any CPU.ActiveCfg = Release|Any CPU
		{6E39A8DC-9402-42F5-AD84-6229690BDB54}.Release|Any CPU.Build.0 = Release|Any CPU
		{0AD8BBA1-A7DA-4D5D-BC68-B714C29AE1E1}.Debug|Any CPU.ActiveCfg = Debug|Any CPU
		{0AD8BBA1-A7DA-4D5D-BC68-B714C29AE1E1}.Debug|Any CPU.Build.0 = Debug|Any CPU
		{0AD8BBA1-A7DA-4D5D-BC68-B714C29AE1E1}.Release|Any CPU.ActiveCfg = Release|Any CPU
		{0AD8BBA1-A7DA-4D5D-BC68-B714C29AE1E1}.Release|Any CPU.Build.0 = Release|Any CPU
		{E137D152-99ED-495B-8373-A2DBF6289107}.Debug|Any CPU.ActiveCfg = Debug|Any CPU
		{E137D152-99ED-495B-8373-A2DBF6289107}.Debug|Any CPU.Build.0 = Debug|Any CPU
		{E137D152-99ED-495B-8373-A2DBF6289107}.Release|Any CPU.ActiveCfg = Release|Any CPU
		{E137D152-99ED-495B-8373-A2DBF6289107}.Release|Any CPU.Build.0 = Release|Any CPU
		{53488935-10FB-41AA-8929-612E4579598C}.Debug|Any CPU.ActiveCfg = Debug|Any CPU
		{53488935-10FB-41AA-8929-612E4579598C}.Debug|Any CPU.Build.0 = Debug|Any CPU
		{53488935-10FB-41AA-8929-612E4579598C}.Release|Any CPU.ActiveCfg = Release|Any CPU
		{53488935-10FB-41AA-8929-612E4579598C}.Release|Any CPU.Build.0 = Release|Any CPU
		{91677A99-01F6-47A2-AF57-83C04CE55609}.Debug|Any CPU.ActiveCfg = Debug|Any CPU
		{91677A99-01F6-47A2-AF57-83C04CE55609}.Debug|Any CPU.Build.0 = Debug|Any CPU
		{91677A99-01F6-47A2-AF57-83C04CE55609}.Release|Any CPU.ActiveCfg = Release|Any CPU
		{91677A99-01F6-47A2-AF57-83C04CE55609}.Release|Any CPU.Build.0 = Release|Any CPU
		{2AFCD079-82C2-4429-87F9-EA0DE9FEB6F9}.Debug|Any CPU.ActiveCfg = Debug|Any CPU
		{2AFCD079-82C2-4429-87F9-EA0DE9FEB6F9}.Debug|Any CPU.Build.0 = Debug|Any CPU
		{2AFCD079-82C2-4429-87F9-EA0DE9FEB6F9}.Release|Any CPU.ActiveCfg = Release|Any CPU
		{2AFCD079-82C2-4429-87F9-EA0DE9FEB6F9}.Release|Any CPU.Build.0 = Release|Any CPU
		{02C2DD51-2DA7-4BC3-BD3D-E613ACB56177}.Debug|Any CPU.ActiveCfg = Debug|Any CPU
		{02C2DD51-2DA7-4BC3-BD3D-E613ACB56177}.Debug|Any CPU.Build.0 = Debug|Any CPU
		{02C2DD51-2DA7-4BC3-BD3D-E613ACB56177}.Release|Any CPU.ActiveCfg = Release|Any CPU
		{02C2DD51-2DA7-4BC3-BD3D-E613ACB56177}.Release|Any CPU.Build.0 = Release|Any CPU
		{C3E6603C-ADFE-47B3-BEFC-9167A70B523D}.Debug|Any CPU.ActiveCfg = Debug|Any CPU
		{C3E6603C-ADFE-47B3-BEFC-9167A70B523D}.Debug|Any CPU.Build.0 = Debug|Any CPU
		{C3E6603C-ADFE-47B3-BEFC-9167A70B523D}.Release|Any CPU.ActiveCfg = Release|Any CPU
		{C3E6603C-ADFE-47B3-BEFC-9167A70B523D}.Release|Any CPU.Build.0 = Release|Any CPU
		{8C52C323-5BFB-45D4-9EE7-A20AD76AD169}.Debug|Any CPU.ActiveCfg = Debug|Any CPU
		{8C52C323-5BFB-45D4-9EE7-A20AD76AD169}.Debug|Any CPU.Build.0 = Debug|Any CPU
		{8C52C323-5BFB-45D4-9EE7-A20AD76AD169}.Release|Any CPU.ActiveCfg = Release|Any CPU
		{8C52C323-5BFB-45D4-9EE7-A20AD76AD169}.Release|Any CPU.Build.0 = Release|Any CPU
		{F12866BB-ED69-46FB-B69E-ABA9C0A62D3A}.Debug|Any CPU.ActiveCfg = Debug|Any CPU
		{F12866BB-ED69-46FB-B69E-ABA9C0A62D3A}.Debug|Any CPU.Build.0 = Debug|Any CPU
		{F12866BB-ED69-46FB-B69E-ABA9C0A62D3A}.Release|Any CPU.ActiveCfg = Release|Any CPU
		{F12866BB-ED69-46FB-B69E-ABA9C0A62D3A}.Release|Any CPU.Build.0 = Release|Any CPU
		{1490A662-4611-49EA-9205-CECEDCC6441A}.Debug|Any CPU.ActiveCfg = Debug|Any CPU
		{1490A662-4611-49EA-9205-CECEDCC6441A}.Debug|Any CPU.Build.0 = Debug|Any CPU
		{1490A662-4611-49EA-9205-CECEDCC6441A}.Release|Any CPU.ActiveCfg = Release|Any CPU
		{1490A662-4611-49EA-9205-CECEDCC6441A}.Release|Any CPU.Build.0 = Release|Any CPU
		{12278866-C227-460A-B0D6-36AB4E1F9DD2}.Debug|Any CPU.ActiveCfg = Debug|Any CPU
		{12278866-C227-460A-B0D6-36AB4E1F9DD2}.Debug|Any CPU.Build.0 = Debug|Any CPU
		{12278866-C227-460A-B0D6-36AB4E1F9DD2}.Release|Any CPU.ActiveCfg = Release|Any CPU
		{12278866-C227-460A-B0D6-36AB4E1F9DD2}.Release|Any CPU.Build.0 = Release|Any CPU
		{BCB6432B-C480-4892-BFF8-65E7603E4DAF}.Debug|Any CPU.ActiveCfg = Debug|Any CPU
		{BCB6432B-C480-4892-BFF8-65E7603E4DAF}.Debug|Any CPU.Build.0 = Debug|Any CPU
		{BCB6432B-C480-4892-BFF8-65E7603E4DAF}.Release|Any CPU.ActiveCfg = Release|Any CPU
		{BCB6432B-C480-4892-BFF8-65E7603E4DAF}.Release|Any CPU.Build.0 = Release|Any CPU
		{A71D7390-AAA7-4359-9153-E007707DE97E}.Debug|Any CPU.ActiveCfg = Debug|Any CPU
		{A71D7390-AAA7-4359-9153-E007707DE97E}.Debug|Any CPU.Build.0 = Debug|Any CPU
		{A71D7390-AAA7-4359-9153-E007707DE97E}.Release|Any CPU.ActiveCfg = Release|Any CPU
		{A71D7390-AAA7-4359-9153-E007707DE97E}.Release|Any CPU.Build.0 = Release|Any CPU
		{2BCFC502-78BC-463D-A40F-190B0E622219}.Debug|Any CPU.ActiveCfg = Debug|Any CPU
		{2BCFC502-78BC-463D-A40F-190B0E622219}.Debug|Any CPU.Build.0 = Debug|Any CPU
		{2BCFC502-78BC-463D-A40F-190B0E622219}.Release|Any CPU.ActiveCfg = Release|Any CPU
		{2BCFC502-78BC-463D-A40F-190B0E622219}.Release|Any CPU.Build.0 = Release|Any CPU
		{8A717C1C-F547-49C0-8D6D-9F191906C0D5}.Debug|Any CPU.ActiveCfg = Debug|Any CPU
		{8A717C1C-F547-49C0-8D6D-9F191906C0D5}.Debug|Any CPU.Build.0 = Debug|Any CPU
		{8A717C1C-F547-49C0-8D6D-9F191906C0D5}.Release|Any CPU.ActiveCfg = Release|Any CPU
		{8A717C1C-F547-49C0-8D6D-9F191906C0D5}.Release|Any CPU.Build.0 = Release|Any CPU
		{F6669CB8-B755-4D8D-8604-638FE82A7D4B}.Debug|Any CPU.ActiveCfg = Debug|Any CPU
		{F6669CB8-B755-4D8D-8604-638FE82A7D4B}.Debug|Any CPU.Build.0 = Debug|Any CPU
		{F6669CB8-B755-4D8D-8604-638FE82A7D4B}.Release|Any CPU.ActiveCfg = Release|Any CPU
		{F6669CB8-B755-4D8D-8604-638FE82A7D4B}.Release|Any CPU.Build.0 = Release|Any CPU
		{3558FAD2-319B-49DC-9F13-E8A1BB58F3B0}.Debug|Any CPU.ActiveCfg = Debug|Any CPU
		{3558FAD2-319B-49DC-9F13-E8A1BB58F3B0}.Debug|Any CPU.Build.0 = Debug|Any CPU
		{3558FAD2-319B-49DC-9F13-E8A1BB58F3B0}.Release|Any CPU.ActiveCfg = Release|Any CPU
		{3558FAD2-319B-49DC-9F13-E8A1BB58F3B0}.Release|Any CPU.Build.0 = Release|Any CPU
		{4D0C033B-3C69-406F-BF65-0EC8C88AC113}.Debug|Any CPU.ActiveCfg = Debug|Any CPU
		{4D0C033B-3C69-406F-BF65-0EC8C88AC113}.Debug|Any CPU.Build.0 = Debug|Any CPU
		{4D0C033B-3C69-406F-BF65-0EC8C88AC113}.Release|Any CPU.ActiveCfg = Release|Any CPU
		{4D0C033B-3C69-406F-BF65-0EC8C88AC113}.Release|Any CPU.Build.0 = Release|Any CPU
		{AEBFEBAE-5F81-4C46-8292-98A2C37B143F}.Debug|Any CPU.ActiveCfg = Debug|Any CPU
		{AEBFEBAE-5F81-4C46-8292-98A2C37B143F}.Debug|Any CPU.Build.0 = Debug|Any CPU
		{AEBFEBAE-5F81-4C46-8292-98A2C37B143F}.Release|Any CPU.ActiveCfg = Release|Any CPU
		{AEBFEBAE-5F81-4C46-8292-98A2C37B143F}.Release|Any CPU.Build.0 = Release|Any CPU
		{2A9DCF88-0AC3-46EF-B48E-5E0432C846C3}.Debug|Any CPU.ActiveCfg = Debug|Any CPU
		{2A9DCF88-0AC3-46EF-B48E-5E0432C846C3}.Debug|Any CPU.Build.0 = Debug|Any CPU
		{2A9DCF88-0AC3-46EF-B48E-5E0432C846C3}.Release|Any CPU.ActiveCfg = Release|Any CPU
		{2A9DCF88-0AC3-46EF-B48E-5E0432C846C3}.Release|Any CPU.Build.0 = Release|Any CPU
		{BD922892-51FA-4B28-B7A4-78B45AD4754F}.Debug|Any CPU.ActiveCfg = Debug|Any CPU
		{BD922892-51FA-4B28-B7A4-78B45AD4754F}.Debug|Any CPU.Build.0 = Debug|Any CPU
		{BD922892-51FA-4B28-B7A4-78B45AD4754F}.Release|Any CPU.ActiveCfg = Release|Any CPU
		{BD922892-51FA-4B28-B7A4-78B45AD4754F}.Release|Any CPU.Build.0 = Release|Any CPU
		{0F3E18B7-7EF2-4F58-9180-31EA769CA480}.Debug|Any CPU.ActiveCfg = Debug|Any CPU
		{0F3E18B7-7EF2-4F58-9180-31EA769CA480}.Debug|Any CPU.Build.0 = Debug|Any CPU
		{0F3E18B7-7EF2-4F58-9180-31EA769CA480}.Release|Any CPU.ActiveCfg = Release|Any CPU
		{0F3E18B7-7EF2-4F58-9180-31EA769CA480}.Release|Any CPU.Build.0 = Release|Any CPU
		{D34E93B5-F233-4BA1-892F-0426D371D454}.Debug|Any CPU.ActiveCfg = Debug|Any CPU
		{D34E93B5-F233-4BA1-892F-0426D371D454}.Debug|Any CPU.Build.0 = Debug|Any CPU
		{D34E93B5-F233-4BA1-892F-0426D371D454}.Release|Any CPU.ActiveCfg = Release|Any CPU
		{D34E93B5-F233-4BA1-892F-0426D371D454}.Release|Any CPU.Build.0 = Release|Any CPU
		{E471BF3D-1FDA-415A-BA67-155D94B57865}.Debug|Any CPU.ActiveCfg = Debug|Any CPU
		{E471BF3D-1FDA-415A-BA67-155D94B57865}.Debug|Any CPU.Build.0 = Debug|Any CPU
		{E471BF3D-1FDA-415A-BA67-155D94B57865}.Release|Any CPU.ActiveCfg = Release|Any CPU
		{E471BF3D-1FDA-415A-BA67-155D94B57865}.Release|Any CPU.Build.0 = Release|Any CPU
		{E0A2034F-5DE2-4AB1-955A-6D1A34BFF0D4}.Debug|Any CPU.ActiveCfg = Debug|Any CPU
		{E0A2034F-5DE2-4AB1-955A-6D1A34BFF0D4}.Debug|Any CPU.Build.0 = Debug|Any CPU
		{E0A2034F-5DE2-4AB1-955A-6D1A34BFF0D4}.Release|Any CPU.ActiveCfg = Release|Any CPU
		{E0A2034F-5DE2-4AB1-955A-6D1A34BFF0D4}.Release|Any CPU.Build.0 = Release|Any CPU
		{EB2D689D-ACC8-4B8F-8CD5-19AEB102BE11}.Debug|Any CPU.ActiveCfg = Debug|Any CPU
		{EB2D689D-ACC8-4B8F-8CD5-19AEB102BE11}.Debug|Any CPU.Build.0 = Debug|Any CPU
		{EB2D689D-ACC8-4B8F-8CD5-19AEB102BE11}.Release|Any CPU.ActiveCfg = Release|Any CPU
		{EB2D689D-ACC8-4B8F-8CD5-19AEB102BE11}.Release|Any CPU.Build.0 = Release|Any CPU
		{699DBD64-0D73-4017-B437-E5AF7D34FEEA}.Debug|Any CPU.ActiveCfg = Debug|Any CPU
		{699DBD64-0D73-4017-B437-E5AF7D34FEEA}.Debug|Any CPU.Build.0 = Debug|Any CPU
		{699DBD64-0D73-4017-B437-E5AF7D34FEEA}.Release|Any CPU.ActiveCfg = Release|Any CPU
		{699DBD64-0D73-4017-B437-E5AF7D34FEEA}.Release|Any CPU.Build.0 = Release|Any CPU
	EndGlobalSection
EndGlobal
