
Microsoft Visual Studio Solution File, Format Version 12.00
# Visual Studio Version 17
VisualStudioVersion = 17.0.31903.59
MinimumVisualStudioVersion = 10.0.40219.1
Project("{FAE04EC0-301F-11D3-BF4B-00C04F79EFBC}") = "FunWithEnums", "FunWithEnums\FunWithEnums.csproj", "{06B77DB4-E9EC-45EB-B386-5C5F0713CD7B}"
EndProject
Project("{FAE04EC0-301F-11D3-BF4B-00C04F79EFBC}") = "FunWithBitwiseOperations.", "FunWithBitwiseOperations\FunWithBitwiseOperations..csproj", "{460749FF-35B3-4373-B844-6A84364943AE}"
EndProject
Project("{FAE04EC0-301F-11D3-BF4B-00C04F79EFBC}") = "SimpleClassExample", "SimpleClassExample\SimpleClassExample.csproj", "{F15D49F7-73B1-4EAF-8943-537B5B9919BE}"
EndProject
Project("{FAE04EC0-301F-11D3-BF4B-00C04F79EFBC}") = "StaticDataAndMembers", "StaticDataAndMembers\StaticDataAndMembers.csproj", "{879038C0-BE90-41CB-8C7D-53E2C31AD070}"
EndProject
Project("{FAE04EC0-301F-11D3-BF4B-00C04F79EFBC}") = "EmployeeApp", "EmployeeApp\EmployeeApp.csproj", "{292FF686-EC3B-4918-90E5-C0DEDA3C97C4}"
EndProject
Project("{FAE04EC0-301F-11D3-BF4B-00C04F79EFBC}") = "AutoProps", "AutoProps\AutoProps.csproj", "{6E39A8DC-9402-42F5-AD84-6229690BDB54}"
EndProject
Project("{FAE04EC0-301F-11D3-BF4B-00C04F79EFBC}") = "ObjectInitializers", "ObjectInitializers\ObjectInitializers.csproj", "{0AD8BBA1-A7DA-4D5D-BC68-B714C29AE1E1}"
EndProject
Project("{FAE04EC0-301F-11D3-BF4B-00C04F79EFBC}") = "ConstData", "ConstData\ConstData.csproj", "{E137D152-99ED-495B-8373-A2DBF6289107}"
EndProject
Project("{FAE04EC0-301F-11D3-BF4B-00C04F79EFBC}") = "FunWithPartials", "FunWithPartials\FunWithPartials.csproj", "{53488935-10FB-41AA-8929-612E4579598C}"
EndProject
Project("{FAE04EC0-301F-11D3-BF4B-00C04F79EFBC}") = "FunWithRecords", "FunWithRecords\FunWithRecords.csproj", "{91677A99-01F6-47A2-AF57-83C04CE55609}"
EndProject
Project("{FAE04EC0-301F-11D3-BF4B-00C04F79EFBC}") = "BasicInheritance", "BasicInheritance\BasicInheritance.csproj", "{2AFCD079-82C2-4429-87F9-EA0DE9FEB6F9}"
EndProject
Project("{FAE04EC0-301F-11D3-BF4B-00C04F79EFBC}") = "Empmoyees", "Empmoyees\Empmoyees.csproj", "{02C2DD51-2DA7-4BC3-BD3D-E613ACB56177}"
EndProject
Project("{FAE04EC0-301F-11D3-BF4B-00C04F79EFBC}") = "Shapes", "Shapes\Shapes.csproj", "{C3E6603C-ADFE-47B3-BEFC-9167A70B523D}"
EndProject
Project("{FAE04EC0-301F-11D3-BF4B-00C04F79EFBC}") = "SimpleException", "SimpleException\SimpleException.csproj", "{8C52C323-5BFB-45D4-9EE7-A20AD76AD169}"
EndProject
Project("{FAE04EC0-301F-11D3-BF4B-00C04F79EFBC}") = "CustomException", "CustomException\CustomException.csproj", "{F12866BB-ED69-46FB-B69E-ABA9C0A62D3A}"
EndProject
Project("{FAE04EC0-301F-11D3-BF4B-00C04F79EFBC}") = "CustomInterface", "CustomInterface\CustomInterface.csproj", "{1490A662-4611-49EA-9205-CECEDCC6441A}"
EndProject
Project("{FAE04EC0-301F-11D3-BF4B-00C04F79EFBC}") = "InterfaceNameClash", "InterfaceNameClash\InterfaceNameClash.csproj", "{12278866-C227-460A-B0D6-36AB4E1F9DD2}"
EndProject
Project("{FAE04EC0-301F-11D3-BF4B-00C04F79EFBC}") = "InterfaceHierarchy", "InterfaceHierarchy\InterfaceHierarchy.csproj", "{BCB6432B-C480-4892-BFF8-65E7603E4DAF}"
EndProject
Project("{FAE04EC0-301F-11D3-BF4B-00C04F79EFBC}") = "MiInterfaceHierarchy", "MiInterfaceHierarchy\MiInterfaceHierarchy.csproj", "{A71D7390-AAA7-4359-9153-E007707DE97E}"
EndProject
Project("{FAE04EC0-301F-11D3-BF4B-00C04F79EFBC}") = "CustomEnumerator", "CustomEnumerator\CustomEnumerator.csproj", "{2BCFC502-78BC-463D-A40F-190B0E622219}"
EndProject
Global
	GlobalSection(SolutionConfigurationPlatforms) = preSolution
		Debug|Any CPU = Debug|Any CPU
		Release|Any CPU = Release|Any CPU
	EndGlobalSection
	GlobalSection(SolutionProperties) = preSolution
		HideSolutionNode = FALSE
	EndGlobalSection
	GlobalSection(ProjectConfigurationPlatforms) = postSolution
		{06B77DB4-E9EC-45EB-B386-5C5F0713CD7B}.Debug|Any CPU.ActiveCfg = Debug|Any CPU
		{06B77DB4-E9EC-45EB-B386-5C5F0713CD7B}.Debug|Any CPU.Build.0 = Debug|Any CPU
		{06B77DB4-E9EC-45EB-B386-5C5F0713CD7B}.Release|Any CPU.ActiveCfg = Release|Any CPU
		{06B77DB4-E9EC-45EB-B386-5C5F0713CD7B}.Release|Any CPU.Build.0 = Release|Any CPU
		{460749FF-35B3-4373-B844-6A84364943AE}.Debug|Any CPU.ActiveCfg = Debug|Any CPU
		{460749FF-35B3-4373-B844-6A84364943AE}.Debug|Any CPU.Build.0 = Debug|Any CPU
		{460749FF-35B3-4373-B844-6A84364943AE}.Release|Any CPU.ActiveCfg = Release|Any CPU
		{460749FF-35B3-4373-B844-6A84364943AE}.Release|Any CPU.Build.0 = Release|Any CPU
		{F15D49F7-73B1-4EAF-8943-537B5B9919BE}.Debug|Any CPU.ActiveCfg = Debug|Any CPU
		{F15D49F7-73B1-4EAF-8943-537B5B9919BE}.Debug|Any CPU.Build.0 = Debug|Any CPU
		{F15D49F7-73B1-4EAF-8943-537B5B9919BE}.Release|Any CPU.ActiveCfg = Release|Any CPU
		{F15D49F7-73B1-4EAF-8943-537B5B9919BE}.Release|Any CPU.Build.0 = Release|Any CPU
		{879038C0-BE90-41CB-8C7D-53E2C31AD070}.Debug|Any CPU.ActiveCfg = Debug|Any CPU
		{879038C0-BE90-41CB-8C7D-53E2C31AD070}.Debug|Any CPU.Build.0 = Debug|Any CPU
		{879038C0-BE90-41CB-8C7D-53E2C31AD070}.Release|Any CPU.ActiveCfg = Release|Any CPU
		{879038C0-BE90-41CB-8C7D-53E2C31AD070}.Release|Any CPU.Build.0 = Release|Any CPU
		{292FF686-EC3B-4918-90E5-C0DEDA3C97C4}.Debug|Any CPU.ActiveCfg = Debug|Any CPU
		{292FF686-EC3B-4918-90E5-C0DEDA3C97C4}.Debug|Any CPU.Build.0 = Debug|Any CPU
		{292FF686-EC3B-4918-90E5-C0DEDA3C97C4}.Release|Any CPU.ActiveCfg = Release|Any CPU
		{292FF686-EC3B-4918-90E5-C0DEDA3C97C4}.Release|Any CPU.Build.0 = Release|Any CPU
		{6E39A8DC-9402-42F5-AD84-6229690BDB54}.Debug|Any CPU.ActiveCfg = Debug|Any CPU
		{6E39A8DC-9402-42F5-AD84-6229690BDB54}.Debug|Any CPU.Build.0 = Debug|Any CPU
		{6E39A8DC-9402-42F5-AD84-6229690BDB54}.Release|Any CPU.ActiveCfg = Release|Any CPU
		{6E39A8DC-9402-42F5-AD84-6229690BDB54}.Release|Any CPU.Build.0 = Release|Any CPU
		{0AD8BBA1-A7DA-4D5D-BC68-B714C29AE1E1}.Debug|Any CPU.ActiveCfg = Debug|Any CPU
		{0AD8BBA1-A7DA-4D5D-BC68-B714C29AE1E1}.Debug|Any CPU.Build.0 = Debug|Any CPU
		{0AD8BBA1-A7DA-4D5D-BC68-B714C29AE1E1}.Release|Any CPU.ActiveCfg = Release|Any CPU
		{0AD8BBA1-A7DA-4D5D-BC68-B714C29AE1E1}.Release|Any CPU.Build.0 = Release|Any CPU
		{E137D152-99ED-495B-8373-A2DBF6289107}.Debug|Any CPU.ActiveCfg = Debug|Any CPU
		{E137D152-99ED-495B-8373-A2DBF6289107}.Debug|Any CPU.Build.0 = Debug|Any CPU
		{E137D152-99ED-495B-8373-A2DBF6289107}.Release|Any CPU.ActiveCfg = Release|Any CPU
		{E137D152-99ED-495B-8373-A2DBF6289107}.Release|Any CPU.Build.0 = Release|Any CPU
		{53488935-10FB-41AA-8929-612E4579598C}.Debug|Any CPU.ActiveCfg = Debug|Any CPU
		{53488935-10FB-41AA-8929-612E4579598C}.Debug|Any CPU.Build.0 = Debug|Any CPU
		{53488935-10FB-41AA-8929-612E4579598C}.Release|Any CPU.ActiveCfg = Release|Any CPU
		{53488935-10FB-41AA-8929-612E4579598C}.Release|Any CPU.Build.0 = Release|Any CPU
		{91677A99-01F6-47A2-AF57-83C04CE55609}.Debug|Any CPU.ActiveCfg = Debug|Any CPU
		{91677A99-01F6-47A2-AF57-83C04CE55609}.Debug|Any CPU.Build.0 = Debug|Any CPU
		{91677A99-01F6-47A2-AF57-83C04CE55609}.Release|Any CPU.ActiveCfg = Release|Any CPU
		{91677A99-01F6-47A2-AF57-83C04CE55609}.Release|Any CPU.Build.0 = Release|Any CPU
		{2AFCD079-82C2-4429-87F9-EA0DE9FEB6F9}.Debug|Any CPU.ActiveCfg = Debug|Any CPU
		{2AFCD079-82C2-4429-87F9-EA0DE9FEB6F9}.Debug|Any CPU.Build.0 = Debug|Any CPU
		{2AFCD079-82C2-4429-87F9-EA0DE9FEB6F9}.Release|Any CPU.ActiveCfg = Release|Any CPU
		{2AFCD079-82C2-4429-87F9-EA0DE9FEB6F9}.Release|Any CPU.Build.0 = Release|Any CPU
		{02C2DD51-2DA7-4BC3-BD3D-E613ACB56177}.Debug|Any CPU.ActiveCfg = Debug|Any CPU
		{02C2DD51-2DA7-4BC3-BD3D-E613ACB56177}.Debug|Any CPU.Build.0 = Debug|Any CPU
		{02C2DD51-2DA7-4BC3-BD3D-E613ACB56177}.Release|Any CPU.ActiveCfg = Release|Any CPU
		{02C2DD51-2DA7-4BC3-BD3D-E613ACB56177}.Release|Any CPU.Build.0 = Release|Any CPU
		{C3E6603C-ADFE-47B3-BEFC-9167A70B523D}.Debug|Any CPU.ActiveCfg = Debug|Any CPU
		{C3E6603C-ADFE-47B3-BEFC-9167A70B523D}.Debug|Any CPU.Build.0 = Debug|Any CPU
		{C3E6603C-ADFE-47B3-BEFC-9167A70B523D}.Release|Any CPU.ActiveCfg = Release|Any CPU
		{C3E6603C-ADFE-47B3-BEFC-9167A70B523D}.Release|Any CPU.Build.0 = Release|Any CPU
		{8C52C323-5BFB-45D4-9EE7-A20AD76AD169}.Debug|Any CPU.ActiveCfg = Debug|Any CPU
		{8C52C323-5BFB-45D4-9EE7-A20AD76AD169}.Debug|Any CPU.Build.0 = Debug|Any CPU
		{8C52C323-5BFB-45D4-9EE7-A20AD76AD169}.Release|Any CPU.ActiveCfg = Release|Any CPU
		{8C52C323-5BFB-45D4-9EE7-A20AD76AD169}.Release|Any CPU.Build.0 = Release|Any CPU
		{F12866BB-ED69-46FB-B69E-ABA9C0A62D3A}.Debug|Any CPU.ActiveCfg = Debug|Any CPU
		{F12866BB-ED69-46FB-B69E-ABA9C0A62D3A}.Debug|Any CPU.Build.0 = Debug|Any CPU
		{F12866BB-ED69-46FB-B69E-ABA9C0A62D3A}.Release|Any CPU.ActiveCfg = Release|Any CPU
		{F12866BB-ED69-46FB-B69E-ABA9C0A62D3A}.Release|Any CPU.Build.0 = Release|Any CPU
		{1490A662-4611-49EA-9205-CECEDCC6441A}.Debug|Any CPU.ActiveCfg = Debug|Any CPU
		{1490A662-4611-49EA-9205-CECEDCC6441A}.Debug|Any CPU.Build.0 = Debug|Any CPU
		{1490A662-4611-49EA-9205-CECEDCC6441A}.Release|Any CPU.ActiveCfg = Release|Any CPU
		{1490A662-4611-49EA-9205-CECEDCC6441A}.Release|Any CPU.Build.0 = Release|Any CPU
		{12278866-C227-460A-B0D6-36AB4E1F9DD2}.Debug|Any CPU.ActiveCfg = Debug|Any CPU
		{12278866-C227-460A-B0D6-36AB4E1F9DD2}.Debug|Any CPU.Build.0 = Debug|Any CPU
		{12278866-C227-460A-B0D6-36AB4E1F9DD2}.Release|Any CPU.ActiveCfg = Release|Any CPU
		{12278866-C227-460A-B0D6-36AB4E1F9DD2}.Release|Any CPU.Build.0 = Release|Any CPU
		{BCB6432B-C480-4892-BFF8-65E7603E4DAF}.Debug|Any CPU.ActiveCfg = Debug|Any CPU
		{BCB6432B-C480-4892-BFF8-65E7603E4DAF}.Debug|Any CPU.Build.0 = Debug|Any CPU
		{BCB6432B-C480-4892-BFF8-65E7603E4DAF}.Release|Any CPU.ActiveCfg = Release|Any CPU
		{BCB6432B-C480-4892-BFF8-65E7603E4DAF}.Release|Any CPU.Build.0 = Release|Any CPU
		{A71D7390-AAA7-4359-9153-E007707DE97E}.Debug|Any CPU.ActiveCfg = Debug|Any CPU
		{A71D7390-AAA7-4359-9153-E007707DE97E}.Debug|Any CPU.Build.0 = Debug|Any CPU
		{A71D7390-AAA7-4359-9153-E007707DE97E}.Release|Any CPU.ActiveCfg = Release|Any CPU
		{A71D7390-AAA7-4359-9153-E007707DE97E}.Release|Any CPU.Build.0 = Release|Any CPU
		{2BCFC502-78BC-463D-A40F-190B0E622219}.Debug|Any CPU.ActiveCfg = Debug|Any CPU
		{2BCFC502-78BC-463D-A40F-190B0E622219}.Debug|Any CPU.Build.0 = Debug|Any CPU
		{2BCFC502-78BC-463D-A40F-190B0E622219}.Release|Any CPU.ActiveCfg = Release|Any CPU
		{2BCFC502-78BC-463D-A40F-190B0E622219}.Release|Any CPU.Build.0 = Release|Any CPU
	EndGlobalSection
EndGlobal
